
Microsoft Visual Studio Solution File, Format Version 12.00
# Visual Studio Version 17
VisualStudioVersion = 17.8.34309.116
MinimumVisualStudioVersion = 10.0.40219.1
Project("{FAE04EC0-301F-11D3-BF4B-00C04F79EFBC}") = "pract11_2_Lezhen", "pract11_2_Lezhen.csproj", "{BABE96E3-3DF7-4F77-8320-A404706B2BA8}"
EndProject
Global
	GlobalSection(SolutionConfigurationPlatforms) = preSolution
		Debug|Any CPU = Debug|Any CPU
		Release|Any CPU = Release|Any CPU
	EndGlobalSection
	GlobalSection(ProjectConfigurationPlatforms) = postSolution
		{BABE96E3-3DF7-4F77-8320-A404706B2BA8}.Debug|Any CPU.ActiveCfg = Debug|Any CPU
		{BABE96E3-3DF7-4F77-8320-A404706B2BA8}.Debug|Any CPU.Build.0 = Debug|Any CPU
		{BABE96E3-3DF7-4F77-8320-A404706B2BA8}.Release|Any CPU.ActiveCfg = Release|Any CPU
		{BABE96E3-3DF7-4F77-8320-A404706B2BA8}.Release|Any CPU.Build.0 = Release|Any CPU
	EndGlobalSection
	GlobalSection(SolutionProperties) = preSolution
		HideSolutionNode = FALSE
	EndGlobalSection
	GlobalSection(ExtensibilityGlobals) = postSolution
		SolutionGuid = {AF9067CD-7F04-4DF4-B5C9-FF0E5A86072A}
	EndGlobalSection
EndGlobal
